// !$*UTF8*$!
{
	archiveVersion = 1;
	classes = {
	};
	objectVersion = 56;
	objects = {

/* Begin PBXBuildFile section */
		A1F9F7642E12B7E800DE5116 /* StringCalculatorApp.swift in Sources */ = {isa = PBXBuildFile; fileRef = A1F9F7632E12B7E800DE5116 /* StringCalculatorApp.swift */; };
		A1F9F7662E12B7E800DE5116 /* ContentView.swift in Sources */ = {isa = PBXBuildFile; fileRef = A1F9F7652E12B7E800DE5116 /* ContentView.swift */; };
		A1F9F7682E12B7EA00DE5116 /* Assets.xcassets in Resources */ = {isa = PBXBuildFile; fileRef = A1F9F7672E12B7EA00DE5116 /* Assets.xcassets */; };
		A1F9F76B2E12B7EA00DE5116 /* Preview Assets.xcassets in Resources */ = {isa = PBXBuildFile; fileRef = A1F9F76A2E12B7EA00DE5116 /* Preview Assets.xcassets */; };
		A1F9F7752E12B7EA00DE5116 /* StringCalculatorTests.swift in Sources */ = {isa = PBXBuildFile; fileRef = A1F9F7742E12B7EA00DE5116 /* StringCalculatorTests.swift */; };
		A1F9F77F2E12B7EA00DE5116 /* StringCalculatorUITests.swift in Sources */ = {isa = PBXBuildFile; fileRef = A1F9F77E2E12B7EA00DE5116 /* StringCalculatorUITests.swift */; };
		A1F9F7812E12B7EA00DE5116 /* StringCalculatorUITestsLaunchTests.swift in Sources */ = {isa = PBXBuildFile; fileRef = A1F9F7802E12B7EA00DE5116 /* StringCalculatorUITestsLaunchTests.swift */; };
/* End PBXBuildFile section */

/* Begin PBXContainerItemProxy section */
		A1F9F7712E12B7EA00DE5116 /* PBXContainerItemProxy */ = {
			isa = PBXContainerItemProxy;
			containerPortal = A1F9F7582E12B7E800DE5116 /* Project object */;
			proxyType = 1;
			remoteGlobalIDString = A1F9F75F2E12B7E800DE5116;
			remoteInfo = StringCalculator;
		};
		A1F9F77B2E12B7EA00DE5116 /* PBXContainerItemProxy */ = {
			isa = PBXContainerItemProxy;
			containerPortal = A1F9F7582E12B7E800DE5116 /* Project object */;
			proxyType = 1;
			remoteGlobalIDString = A1F9F75F2E12B7E800DE5116;
			remoteInfo = StringCalculator;
		};
/* End PBXContainerItemProxy section */

/* Begin PBXFileReference section */
		A1F9F7602E12B7E800DE5116 /* StringCalculator.app */ = {isa = PBXFileReference; explicitFileType = wrapper.application; includeInIndex = 0; path = StringCalculator.app; sourceTree = BUILT_PRODUCTS_DIR; };
		A1F9F7632E12B7E800DE5116 /* StringCalculatorApp.swift */ = {isa = PBXFileReference; lastKnownFileType = sourcecode.swift; path = StringCalculatorApp.swift; sourceTree = "<group>"; };
		A1F9F7652E12B7E800DE5116 /* ContentView.swift */ = {isa = PBXFileReference; lastKnownFileType = sourcecode.swift; path = ContentView.swift; sourceTree = "<group>"; };
		A1F9F7672E12B7EA00DE5116 /* Assets.xcassets */ = {isa = PBXFileReference; lastKnownFileType = folder.assetcatalog; path = Assets.xcassets; sourceTree = "<group>"; };
		A1F9F76A2E12B7EA00DE5116 /* Preview Assets.xcassets */ = {isa = PBXFileReference; lastKnownFileType = folder.assetcatalog; path = "Preview Assets.xcassets"; sourceTree = "<group>"; };
		A1F9F7702E12B7EA00DE5116 /* StringCalculatorTests.xctest */ = {isa = PBXFileReference; explicitFileType = wrapper.cfbundle; includeInIndex = 0; path = StringCalculatorTests.xctest; sourceTree = BUILT_PRODUCTS_DIR; };
		A1F9F7742E12B7EA00DE5116 /* StringCalculatorTests.swift */ = {isa = PBXFileReference; lastKnownFileType = sourcecode.swift; path = StringCalculatorTests.swift; sourceTree = "<group>"; };
		A1F9F77A2E12B7EA00DE5116 /* StringCalculatorUITests.xctest */ = {isa = PBXFileReference; explicitFileType = wrapper.cfbundle; includeInIndex = 0; path = StringCalculatorUITests.xctest; sourceTree = BUILT_PRODUCTS_DIR; };
		A1F9F77E2E12B7EA00DE5116 /* StringCalculatorUITests.swift */ = {isa = PBXFileReference; lastKnownFileType = sourcecode.swift; path = StringCalculatorUITests.swift; sourceTree = "<group>"; };
		A1F9F7802E12B7EA00DE5116 /* StringCalculatorUITestsLaunchTests.swift */ = {isa = PBXFileReference; lastKnownFileType = sourcecode.swift; path = StringCalculatorUITestsLaunchTests.swift; sourceTree = "<group>"; };
/* End PBXFileReference section */

/* Begin PBXFrameworksBuildPhase section */
		A1F9F75D2E12B7E800DE5116 /* Frameworks */ = {
			isa = PBXFrameworksBuildPhase;
			buildActionMask = 2147483647;
			files = (
			);
			runOnlyForDeploymentPostprocessing = 0;
		};
		A1F9F76D2E12B7EA00DE5116 /* Frameworks */ = {
			isa = PBXFrameworksBuildPhase;
			buildActionMask = 2147483647;
			files = (
			);
			runOnlyForDeploymentPostprocessing = 0;
		};
		A1F9F7772E12B7EA00DE5116 /* Frameworks */ = {
			isa = PBXFrameworksBuildPhase;
			buildActionMask = 2147483647;
			files = (
			);
			runOnlyForDeploymentPostprocessing = 0;
		};
/* End PBXFrameworksBuildPhase section */

/* Begin PBXGroup section */
		A1F9F7572E12B7E800DE5116 = {
			isa = PBXGroup;
			children = (
				A1F9F7622E12B7E800DE5116 /* StringCalculator */,
				A1F9F7732E12B7EA00DE5116 /* StringCalculatorTests */,
				A1F9F77D2E12B7EA00DE5116 /* StringCalculatorUITests */,
				A1F9F7612E12B7E800DE5116 /* Products */,
			);
			sourceTree = "<group>";
		};
		A1F9F7612E12B7E800DE5116 /* Products */ = {
			isa = PBXGroup;
			children = (
				A1F9F7602E12B7E800DE5116 /* StringCalculator.app */,
				A1F9F7702E12B7EA00DE5116 /* StringCalculatorTests.xctest */,
				A1F9F77A2E12B7EA00DE5116 /* StringCalculatorUITests.xctest */,
			);
			name = Products;
			sourceTree = "<group>";
		};
		A1F9F7622E12B7E800DE5116 /* StringCalculator */ = {
			isa = PBXGroup;
			children = (
				A1F9F7632E12B7E800DE5116 /* StringCalculatorApp.swift */,
				A1F9F7652E12B7E800DE5116 /* ContentView.swift */,
				A1F9F7672E12B7EA00DE5116 /* Assets.xcassets */,
				A1F9F7692E12B7EA00DE5116 /* Preview Content */,
			);
			path = StringCalculator;
			sourceTree = "<group>";
		};
		A1F9F7692E12B7EA00DE5116 /* Preview Content */ = {
			isa = PBXGroup;
			children = (
				A1F9F76A2E12B7EA00DE5116 /* Preview Assets.xcassets */,
			);
			path = "Preview Content";
			sourceTree = "<group>";
		};
		A1F9F7732E12B7EA00DE5116 /* StringCalculatorTests */ = {
			isa = PBXGroup;
			children = (
				A1F9F7742E12B7EA00DE5116 /* StringCalculatorTests.swift */,
			);
			path = StringCalculatorTests;
			sourceTree = "<group>";
		};
		A1F9F77D2E12B7EA00DE5116 /* StringCalculatorUITests */ = {
			isa = PBXGroup;
			children = (
				A1F9F77E2E12B7EA00DE5116 /* StringCalculatorUITests.swift */,
				A1F9F7802E12B7EA00DE5116 /* StringCalculatorUITestsLaunchTests.swift */,
			);
			path = StringCalculatorUITests;
			sourceTree = "<group>";
		};
/* End PBXGroup section */

/* Begin PBXNativeTarget section */
		A1F9F75F2E12B7E800DE5116 /* StringCalculator */ = {
			isa = PBXNativeTarget;
			buildConfigurationList = A1F9F7842E12B7EA00DE5116 /* Build configuration list for PBXNativeTarget "StringCalculator" */;
			buildPhases = (
				A1F9F75C2E12B7E800DE5116 /* Sources */,
				A1F9F75D2E12B7E800DE5116 /* Frameworks */,
				A1F9F75E2E12B7E800DE5116 /* Resources */,
			);
			buildRules = (
			);
			dependencies = (
			);
			name = StringCalculator;
			productName = StringCalculator;
			productReference = A1F9F7602E12B7E800DE5116 /* StringCalculator.app */;
			productType = "com.apple.product-type.application";
		};
		A1F9F76F2E12B7EA00DE5116 /* StringCalculatorTests */ = {
			isa = PBXNativeTarget;
			buildConfigurationList = A1F9F7872E12B7EA00DE5116 /* Build configuration list for PBXNativeTarget "StringCalculatorTests" */;
			buildPhases = (
				A1F9F76C2E12B7EA00DE5116 /* Sources */,
				A1F9F76D2E12B7EA00DE5116 /* Frameworks */,
				A1F9F76E2E12B7EA00DE5116 /* Resources */,
			);
			buildRules = (
			);
			dependencies = (
				A1F9F7722E12B7EA00DE5116 /* PBXTargetDependency */,
			);
			name = StringCalculatorTests;
			productName = StringCalculatorTests;
			productReference = A1F9F7702E12B7EA00DE5116 /* StringCalculatorTests.xctest */;
			productType = "com.apple.product-type.bundle.unit-test";
		};
		A1F9F7792E12B7EA00DE5116 /* StringCalculatorUITests */ = {
			isa = PBXNativeTarget;
			buildConfigurationList = A1F9F78A2E12B7EA00DE5116 /* Build configuration list for PBXNativeTarget "StringCalculatorUITests" */;
			buildPhases = (
				A1F9F7762E12B7EA00DE5116 /* Sources */,
				A1F9F7772E12B7EA00DE5116 /* Frameworks */,
				A1F9F7782E12B7EA00DE5116 /* Resources */,
			);
			buildRules = (
			);
			dependencies = (
				A1F9F77C2E12B7EA00DE5116 /* PBXTargetDependency */,
			);
			name = StringCalculatorUITests;
			productName = StringCalculatorUITests;
			productReference = A1F9F77A2E12B7EA00DE5116 /* StringCalculatorUITests.xctest */;
			productType = "com.apple.product-type.bundle.ui-testing";
		};
/* End PBXNativeTarget section */

/* Begin PBXProject section */
		A1F9F7582E12B7E800DE5116 /* Project object */ = {
			isa = PBXProject;
			attributes = {
				BuildIndependentTargetsInParallel = 1;
				LastSwiftUpdateCheck = 1540;
				LastUpgradeCheck = 1540;
				TargetAttributes = {
					A1F9F75F2E12B7E800DE5116 = {
						CreatedOnToolsVersion = 15.4;
					};
					A1F9F76F2E12B7EA00DE5116 = {
						CreatedOnToolsVersion = 15.4;
						TestTargetID = A1F9F75F2E12B7E800DE5116;
					};
					A1F9F7792E12B7EA00DE5116 = {
						CreatedOnToolsVersion = 15.4;
						TestTargetID = A1F9F75F2E12B7E800DE5116;
					};
				};
			};
			buildConfigurationList = A1F9F75B2E12B7E800DE5116 /* Build configuration list for PBXProject "StringCalculator" */;
			compatibilityVersion = "Xcode 14.0";
			developmentRegion = en;
			hasScannedForEncodings = 0;
			knownRegions = (
				en,
				Base,
			);
			mainGroup = A1F9F7572E12B7E800DE5116;
			productRefGroup = A1F9F7612E12B7E800DE5116 /* Products */;
			projectDirPath = "";
			projectRoot = "";
			targets = (
				A1F9F75F2E12B7E800DE5116 /* StringCalculator */,
				A1F9F76F2E12B7EA00DE5116 /* StringCalculatorTests */,
				A1F9F7792E12B7EA00DE5116 /* StringCalculatorUITests */,
			);
		};
/* End PBXProject section */

/* Begin PBXResourcesBuildPhase section */
		A1F9F75E2E12B7E800DE5116 /* Resources */ = {
			isa = PBXResourcesBuildPhase;
			buildActionMask = 2147483647;
			files = (
				A1F9F76B2E12B7EA00DE5116 /* Preview Assets.xcassets in Resources */,
				A1F9F7682E12B7EA00DE5116 /* Assets.xcassets in Resources */,
			);
			runOnlyForDeploymentPostprocessing = 0;
		};
		A1F9F76E2E12B7EA00DE5116 /* Resources */ = {
			isa = PBXResourcesBuildPhase;
			buildActionMask = 2147483647;
			files = (
			);
			runOnlyForDeploymentPostprocessing = 0;
		};
		A1F9F7782E12B7EA00DE5116 /* Resources */ = {
			isa = PBXResourcesBuildPhase;
			buildActionMask = 2147483647;
			files = (
			);
			runOnlyForDeploymentPostprocessing = 0;
		};
/* End PBXResourcesBuildPhase section */

/* Begin PBXSourcesBuildPhase section */
		A1F9F75C2E12B7E800DE5116 /* Sources */ = {
			isa = PBXSourcesBuildPhase;
			buildActionMask = 2147483647;
			files = (
				A1F9F7662E12B7E800DE5116 /* ContentView.swift in Sources */,
				A1F9F7642E12B7E800DE5116 /* StringCalculatorApp.swift in Sources */,
			);
			runOnlyForDeploymentPostprocessing = 0;
		};
		A1F9F76C2E12B7EA00DE5116 /* Sources */ = {
			isa = PBXSourcesBuildPhase;
			buildActionMask = 2147483647;
			files = (
				A1F9F7752E12B7EA00DE5116 /* StringCalculatorTests.swift in Sources */,
			);
			runOnlyForDeploymentPostprocessing = 0;
		};
		A1F9F7762E12B7EA00DE5116 /* Sources */ = {
			isa = PBXSourcesBuildPhase;
			buildActionMask = 2147483647;
			files = (
				A1F9F77F2E12B7EA00DE5116 /* StringCalculatorUITests.swift in Sources */,
				A1F9F7812E12B7EA00DE5116 /* StringCalculatorUITestsLaunchTests.swift in Sources */,
			);
			runOnlyForDeploymentPostprocessing = 0;
		};
/* End PBXSourcesBuildPhase section */

/* Begin PBXTargetDependency section */
		A1F9F7722E12B7EA00DE5116 /* PBXTargetDependency */ = {
			isa = PBXTargetDependency;
			target = A1F9F75F2E12B7E800DE5116 /* StringCalculator */;
			targetProxy = A1F9F7712E12B7EA00DE5116 /* PBXContainerItemProxy */;
		};
		A1F9F77C2E12B7EA00DE5116 /* PBXTargetDependency */ = {
			isa = PBXTargetDependency;
			target = A1F9F75F2E12B7E800DE5116 /* StringCalculator */;
			targetProxy = A1F9F77B2E12B7EA00DE5116 /* PBXContainerItemProxy */;
		};
/* End PBXTargetDependency section */

/* Begin XCBuildConfiguration section */
		A1F9F7822E12B7EA00DE5116 /* Debug */ = {
			isa = XCBuildConfiguration;
			buildSettings = {
				ALWAYS_SEARCH_USER_PATHS = NO;
				ASSETCATALOG_COMPILER_GENERATE_SWIFT_ASSET_SYMBOL_EXTENSIONS = YES;
				CLANG_ANALYZER_NONNULL = YES;
				CLANG_ANALYZER_NUMBER_OBJECT_CONVERSION = YES_AGGRESSIVE;
				CLANG_CXX_LANGUAGE_STANDARD = "gnu++20";
				CLANG_ENABLE_MODULES = YES;
				CLANG_ENABLE_OBJC_ARC = YES;
				CLANG_ENABLE_OBJC_WEAK = YES;
				CLANG_WARN_BLOCK_CAPTURE_AUTORELEASING = YES;
				CLANG_WARN_BOOL_CONVERSION = YES;
				CLANG_WARN_COMMA = YES;
				CLANG_WARN_CONSTANT_CONVERSION = YES;
				CLANG_WARN_DEPRECATED_OBJC_IMPLEMENTATIONS = YES;
				CLANG_WARN_DIRECT_OBJC_ISA_USAGE = YES_ERROR;
				CLANG_WARN_DOCUMENTATION_COMMENTS = YES;
				CLANG_WARN_EMPTY_BODY = YES;
				CLANG_WARN_ENUM_CONVERSION = YES;
				CLANG_WARN_INFINITE_RECURSION = YES;
				CLANG_WARN_INT_CONVERSION = YES;
				CLANG_WARN_NON_LITERAL_NULL_CONVERSION = YES;
				CLANG_WARN_OBJC_IMPLICIT_RETAIN_SELF = YES;
				CLANG_WARN_OBJC_LITERAL_CONVERSION = YES;
				CLANG_WARN_OBJC_ROOT_CLASS = YES_ERROR;
				CLANG_WARN_QUOTED_INCLUDE_IN_FRAMEWORK_HEADER = YES;
				CLANG_WARN_RANGE_LOOP_ANALYSIS = YES;
				CLANG_WARN_STRICT_PROTOTYPES = YES;
				CLANG_WARN_SUSPICIOUS_MOVE = YES;
				CLANG_WARN_UNGUARDED_AVAILABILITY = YES_AGGRESSIVE;
				CLANG_WARN_UNREACHABLE_CODE = YES;
				CLANG_WARN__DUPLICATE_METHOD_MATCH = YES;
				COPY_PHASE_STRIP = NO;
				DEBUG_INFORMATION_FORMAT = dwarf;
				ENABLE_STRICT_OBJC_MSGSEND = YES;
				ENABLE_TESTABILITY = YES;
				ENABLE_USER_SCRIPT_SANDBOXING = YES;
				GCC_C_LANGUAGE_STANDARD = gnu17;
				GCC_DYNAMIC_NO_PIC = NO;
				GCC_NO_COMMON_BLOCKS = YES;
				GCC_OPTIMIZATION_LEVEL = 0;
				GCC_PREPROCESSOR_DEFINITIONS = (
					"DEBUG=1",
					"$(inherited)",
				);
				GCC_WARN_64_TO_32_BIT_CONVERSION = YES;
				GCC_WARN_ABOUT_RETURN_TYPE = YES_ERROR;
				GCC_WARN_UNDECLARED_SELECTOR = YES;
				GCC_WARN_UNINITIALIZED_AUTOS = YES_AGGRESSIVE;
				GCC_WARN_UNUSED_FUNCTION = YES;
				GCC_WARN_UNUSED_VARIABLE = YES;
				IPHONEOS_DEPLOYMENT_TARGET = 17.5;
				LOCALIZATION_PREFERS_STRING_CATALOGS = YES;
				MTL_ENABLE_DEBUG_INFO = INCLUDE_SOURCE;
				MTL_FAST_MATH = YES;
				ONLY_ACTIVE_ARCH = YES;
				SDKROOT = iphoneos;
				SWIFT_ACTIVE_COMPILATION_CONDITIONS = "DEBUG $(inherited)";
				SWIFT_OPTIMIZATION_LEVEL = "-Onone";
			};
			name = Debug;
		};
		A1F9F7832E12B7EA00DE5116 /* Release */ = {
			isa = XCBuildConfiguration;
			buildSettings = {
				ALWAYS_SEARCH_USER_PATHS = NO;
				ASSETCATALOG_COMPILER_GENERATE_SWIFT_ASSET_SYMBOL_EXTENSIONS = YES;
				CLANG_ANALYZER_NONNULL = YES;
				CLANG_ANALYZER_NUMBER_OBJECT_CONVERSION = YES_AGGRESSIVE;
				CLANG_CXX_LANGUAGE_STANDARD = "gnu++20";
				CLANG_ENABLE_MODULES = YES;
				CLANG_ENABLE_OBJC_ARC = YES;
				CLANG_ENABLE_OBJC_WEAK = YES;
				CLANG_WARN_BLOCK_CAPTURE_AUTORELEASING = YES;
				CLANG_WARN_BOOL_CONVERSION = YES;
				CLANG_WARN_COMMA = YES;
				CLANG_WARN_CONSTANT_CONVERSION = YES;
				CLANG_WARN_DEPRECATED_OBJC_IMPLEMENTATIONS = YES;
				CLANG_WARN_DIRECT_OBJC_ISA_USAGE = YES_ERROR;
				CLANG_WARN_DOCUMENTATION_COMMENTS = YES;
				CLANG_WARN_EMPTY_BODY = YES;
				CLANG_WARN_ENUM_CONVERSION = YES;
				CLANG_WARN_INFINITE_RECURSION = YES;
				CLANG_WARN_INT_CONVERSION = YES;
				CLANG_WARN_NON_LITERAL_NULL_CONVERSION = YES;
				CLANG_WARN_OBJC_IMPLICIT_RETAIN_SELF = YES;
				CLANG_WARN_OBJC_LITERAL_CONVERSION = YES;
				CLANG_WARN_OBJC_ROOT_CLASS = YES_ERROR;
				CLANG_WARN_QUOTED_INCLUDE_IN_FRAMEWORK_HEADER = YES;
				CLANG_WARN_RANGE_LOOP_ANALYSIS = YES;
				CLANG_WARN_STRICT_PROTOTYPES = YES;
				CLANG_WARN_SUSPICIOUS_MOVE = YES;
				CLANG_WARN_UNGUARDED_AVAILABILITY = YES_AGGRESSIVE;
				CLANG_WARN_UNREACHABLE_CODE = YES;
				CLANG_WARN__DUPLICATE_METHOD_MATCH = YES;
				COPY_PHASE_STRIP = NO;
				DEBUG_INFORMATION_FORMAT = "dwarf-with-dsym";
				ENABLE_NS_ASSERTIONS = NO;
				ENABLE_STRICT_OBJC_MSGSEND = YES;
				ENABLE_USER_SCRIPT_SANDBOXING = YES;
				GCC_C_LANGUAGE_STANDARD = gnu17;
				GCC_NO_COMMON_BLOCKS = YES;
				GCC_WARN_64_TO_32_BIT_CONVERSION = YES;
				GCC_WARN_ABOUT_RETURN_TYPE = YES_ERROR;
				GCC_WARN_UNDECLARED_SELECTOR = YES;
				GCC_WARN_UNINITIALIZED_AUTOS = YES_AGGRESSIVE;
				GCC_WARN_UNUSED_FUNCTION = YES;
				GCC_WARN_UNUSED_VARIABLE = YES;
				IPHONEOS_DEPLOYMENT_TARGET = 17.5;
				LOCALIZATION_PREFERS_STRING_CATALOGS = YES;
				MTL_ENABLE_DEBUG_INFO = NO;
				MTL_FAST_MATH = YES;
				SDKROOT = iphoneos;
				SWIFT_COMPILATION_MODE = wholemodule;
				VALIDATE_PRODUCT = YES;
			};
			name = Release;
		};
		A1F9F7852E12B7EA00DE5116 /* Debug */ = {
			isa = XCBuildConfiguration;
			buildSettings = {
				ASSETCATALOG_COMPILER_APPICON_NAME = AppIcon;
				ASSETCATALOG_COMPILER_GLOBAL_ACCENT_COLOR_NAME = AccentColor;
				CODE_SIGN_STYLE = Automatic;
				CURRENT_PROJECT_VERSION = 1;
				DEVELOPMENT_ASSET_PATHS = "\"StringCalculator/Preview Content\"";
				ENABLE_PREVIEWS = YES;
				GENERATE_INFOPLIST_FILE = YES;
				INFOPLIST_KEY_UIApplicationSceneManifest_Generation = YES;
				INFOPLIST_KEY_UIApplicationSupportsIndirectInputEvents = YES;
				INFOPLIST_KEY_UILaunchScreen_Generation = YES;
				INFOPLIST_KEY_UISupportedInterfaceOrientations_iPad = "UIInterfaceOrientationPortrait UIInterfaceOrientationPortraitUpsideDown UIInterfaceOrientationLandscapeLeft UIInterfaceOrientationLandscapeRight";
				INFOPLIST_KEY_UISupportedInterfaceOrientations_iPhone = "UIInterfaceOrientationPortrait UIInterfaceOrientationLandscapeLeft UIInterfaceOrientationLandscapeRight";
				LD_RUNPATH_SEARCH_PATHS = (
					"$(inherited)",
					"@executable_path/Frameworks",
				);
				MARKETING_VERSION = 1.0;
				PRODUCT_BUNDLE_IDENTIFIER = com.hardipatel.DrugApp.StringCalculator;
				PRODUCT_NAME = "$(TARGET_NAME)";
				SWIFT_EMIT_LOC_STRINGS = YES;
				SWIFT_VERSION = 5.0;
				TARGETED_DEVICE_FAMILY = "1,2";
			};
			name = Debug;
		};
		A1F9F7862E12B7EA00DE5116 /* Release */ = {
			isa = XCBuildConfiguration;
			buildSettings = {
				ASSETCATALOG_COMPILER_APPICON_NAME = AppIcon;
				ASSETCATALOG_COMPILER_GLOBAL_ACCENT_COLOR_NAME = AccentColor;
				CODE_SIGN_STYLE = Automatic;
				CURRENT_PROJECT_VERSION = 1;
				DEVELOPMENT_ASSET_PATHS = "\"StringCalculator/Preview Content\"";
				ENABLE_PREVIEWS = YES;
				GENERATE_INFOPLIST_FILE = YES;
				INFOPLIST_KEY_UIApplicationSceneManifest_Generation = YES;
				INFOPLIST_KEY_UIApplicationSupportsIndirectInputEvents = YES;
				INFOPLIST_KEY_UILaunchScreen_Generation = YES;
				INFOPLIST_KEY_UISupportedInterfaceOrientations_iPad = "UIInterfaceOrientationPortrait UIInterfaceOrientationPortraitUpsideDown UIInterfaceOrientationLandscapeLeft UIInterfaceOrientationLandscapeRight";
				INFOPLIST_KEY_UISupportedInterfaceOrientations_iPhone = "UIInterfaceOrientationPortrait UIInterfaceOrientationLandscapeLeft UIInterfaceOrientationLandscapeRight";
				LD_RUNPATH_SEARCH_PATHS = (
					"$(inherited)",
					"@executable_path/Frameworks",
				);
				MARKETING_VERSION = 1.0;
				PRODUCT_BUNDLE_IDENTIFIER = com.hardipatel.DrugApp.StringCalculator;
				PRODUCT_NAME = "$(TARGET_NAME)";
				SWIFT_EMIT_LOC_STRINGS = YES;
				SWIFT_VERSION = 5.0;
				TARGETED_DEVICE_FAMILY = "1,2";
			};
			name = Release;
		};
		A1F9F7882E12B7EA00DE5116 /* Debug */ = {
			isa = XCBuildConfiguration;
			buildSettings = {
				ALWAYS_EMBED_SWIFT_STANDARD_LIBRARIES = YES;
				BUNDLE_LOADER = "$(TEST_HOST)";
				CODE_SIGN_STYLE = Automatic;
				CURRENT_PROJECT_VERSION = 1;
				GENERATE_INFOPLIST_FILE = YES;
				IPHONEOS_DEPLOYMENT_TARGET = 17.5;
				MARKETING_VERSION = 1.0;
				PRODUCT_BUNDLE_IDENTIFIER = com.hardipatel.DrugApp.StringCalculatorTests;
				PRODUCT_NAME = "$(TARGET_NAME)";
				SWIFT_EMIT_LOC_STRINGS = NO;
				SWIFT_VERSION = 5.0;
				TARGETED_DEVICE_FAMILY = "1,2";
				TEST_HOST = "$(BUILT_PRODUCTS_DIR)/StringCalculator.app/$(BUNDLE_EXECUTABLE_FOLDER_PATH)/StringCalculator";
			};
			name = Debug;
		};
		A1F9F7892E12B7EA00DE5116 /* Release */ = {
			isa = XCBuildConfiguration;
			buildSettings = {
				ALWAYS_EMBED_SWIFT_STANDARD_LIBRARIES = YES;
				BUNDLE_LOADER = "$(TEST_HOST)";
				CODE_SIGN_STYLE = Automatic;
				CURRENT_PROJECT_VERSION = 1;
				GENERATE_INFOPLIST_FILE = YES;
				IPHONEOS_DEPLOYMENT_TARGET = 17.5;
				MARKETING_VERSION = 1.0;
				PRODUCT_BUNDLE_IDENTIFIER = com.hardipatel.DrugApp.StringCalculatorTests;
				PRODUCT_NAME = "$(TARGET_NAME)";
				SWIFT_EMIT_LOC_STRINGS = NO;
				SWIFT_VERSION = 5.0;
				TARGETED_DEVICE_FAMILY = "1,2";
				TEST_HOST = "$(BUILT_PRODUCTS_DIR)/StringCalculator.app/$(BUNDLE_EXECUTABLE_FOLDER_PATH)/StringCalculator";
			};
			name = Release;
		};
		A1F9F78B2E12B7EA00DE5116 /* Debug */ = {
			isa = XCBuildConfiguration;
			buildSettings = {
				ALWAYS_EMBED_SWIFT_STANDARD_LIBRARIES = YES;
				CODE_SIGN_STYLE = Automatic;
				CURRENT_PROJECT_VERSION = 1;
				GENERATE_INFOPLIST_FILE = YES;
				MARKETING_VERSION = 1.0;
				PRODUCT_BUNDLE_IDENTIFIER = com.hardipatel.DrugApp.StringCalculatorUITests;
				PRODUCT_NAME = "$(TARGET_NAME)";
				SWIFT_EMIT_LOC_STRINGS = NO;
				SWIFT_VERSION = 5.0;
				TARGETED_DEVICE_FAMILY = "1,2";
				TEST_TARGET_NAME = StringCalculator;
			};
			name = Debug;
		};
		A1F9F78C2E12B7EA00DE5116 /* Release */ = {
			isa = XCBuildConfiguration;
			buildSettings = {
				ALWAYS_EMBED_SWIFT_STANDARD_LIBRARIES = YES;
				CODE_SIGN_STYLE = Automatic;
				CURRENT_PROJECT_VERSION = 1;
				GENERATE_INFOPLIST_FILE = YES;
				MARKETING_VERSION = 1.0;
				PRODUCT_BUNDLE_IDENTIFIER = com.hardipatel.DrugApp.StringCalculatorUITests;
				PRODUCT_NAME = "$(TARGET_NAME)";
				SWIFT_EMIT_LOC_STRINGS = NO;
				SWIFT_VERSION = 5.0;
				TARGETED_DEVICE_FAMILY = "1,2";
				TEST_TARGET_NAME = StringCalculator;
			};
			name = Release;
		};
/* End XCBuildConfiguration section */

/* Begin XCConfigurationList section */
		A1F9F75B2E12B7E800DE5116 /* Build configuration list for PBXProject "StringCalculator" */ = {
			isa = XCConfigurationList;
			buildConfigurations = (
				A1F9F7822E12B7EA00DE5116 /* Debug */,
				A1F9F7832E12B7EA00DE5116 /* Release */,
			);
			defaultConfigurationIsVisible = 0;
			defaultConfigurationName = Release;
		};
		A1F9F7842E12B7EA00DE5116 /* Build configuration list for PBXNativeTarget "StringCalculator" */ = {
			isa = XCConfigurationList;
			buildConfigurations = (
				A1F9F7852E12B7EA00DE5116 /* Debug */,
				A1F9F7862E12B7EA00DE5116 /* Release */,
			);
			defaultConfigurationIsVisible = 0;
			defaultConfigurationName = Release;
		};
		A1F9F7872E12B7EA00DE5116 /* Build configuration list for PBXNativeTarget "StringCalculatorTests" */ = {
			isa = XCConfigurationList;
			buildConfigurations = (
				A1F9F7882E12B7EA00DE5116 /* Debug */,
				A1F9F7892E12B7EA00DE5116 /* Release */,
			);
			defaultConfigurationIsVisible = 0;
			defaultConfigurationName = Release;
		};
		A1F9F78A2E12B7EA00DE5116 /* Build configuration list for PBXNativeTarget "StringCalculatorUITests" */ = {
			isa = XCConfigurationList;
			buildConfigurations = (
				A1F9F78B2E12B7EA00DE5116 /* Debug */,
				A1F9F78C2E12B7EA00DE5116 /* Release */,
			);
			defaultConfigurationIsVisible = 0;
			defaultConfigurationName = Release;
		};
/* End XCConfigurationList section */
	};
	rootObject = A1F9F7582E12B7E800DE5116 /* Project object */;
}
